
Microsoft Visual Studio Solution File, Format Version 12.00
# Visual Studio Version 16
VisualStudioVersion = 16.0.31005.135
MinimumVisualStudioVersion = 10.0.40219.1
Project("{FAE04EC0-301F-11D3-BF4B-00C04F79EFBC}") = "Desktop-Notes-WPF", "Desktop-Notes-WPF.csproj", "{53B3B983-413D-452B-8B20-B06636AD1B0C}"
EndProject
Global
	GlobalSection(SolutionConfigurationPlatforms) = preSolution
		Debug|Any CPU = Debug|Any CPU
		Release|Any CPU = Release|Any CPU
	EndGlobalSection
	GlobalSection(ProjectConfigurationPlatforms) = postSolution
		{53B3B983-413D-452B-8B20-B06636AD1B0C}.Debug|Any CPU.ActiveCfg = Debug|Any CPU
		{53B3B983-413D-452B-8B20-B06636AD1B0C}.Debug|Any CPU.Build.0 = Debug|Any CPU
		{53B3B983-413D-452B-8B20-B06636AD1B0C}.Release|Any CPU.ActiveCfg = Release|Any CPU
		{53B3B983-413D-452B-8B20-B06636AD1B0C}.Release|Any CPU.Build.0 = Release|Any CPU
	EndGlobalSection
	GlobalSection(SolutionProperties) = preSolution
		HideSolutionNode = FALSE
	EndGlobalSection
	GlobalSection(ExtensibilityGlobals) = postSolution
		SolutionGuid = {B9D9E29F-AB5B-484C-A3EA-693C7CF5A4B7}
	EndGlobalSection
EndGlobal
